
Microsoft Visual Studio Solution File, Format Version 12.00
# Visual Studio Version 17
VisualStudioVersion = 17.8.34330.188
MinimumVisualStudioVersion = 10.0.40219.1
Project("{9A19103F-16F7-4668-BE54-9A1E7A4F7556}") = "Sender", "Sender\Sender.csproj", "{F089D003-7B29-4F61-86FC-3E2986011279}"
EndProject
Project("{9A19103F-16F7-4668-BE54-9A1E7A4F7556}") = "Receiver", "Receiver\Receiver.csproj", "{85336664-B598-4A27-AC30-BF6230E47713}"
EndProject
Project("{FAE04EC0-301F-11D3-BF4B-00C04F79EFBC}") = "NewTask", "NewTask\NewTask.csproj", "{CFA46357-E2EB-4949-A83E-5038E36A110B}"
EndProject
Project("{FAE04EC0-301F-11D3-BF4B-00C04F79EFBC}") = "Package", "Package\Package.csproj", "{522950C1-D31D-424B-B542-45E1DBDCDC8C}"
EndProject
Project("{FAE04EC0-301F-11D3-BF4B-00C04F79EFBC}") = "Worker", "Worker\Worker.csproj", "{28B9B7E4-7A82-4E15-A8A2-FC5E5009E520}"
EndProject
Project("{2150E333-8FDC-42A3-9474-1A3956D46DE8}") = "EmitLog", "EmitLog", "{D609F083-94DB-45AA-B05D-986C676930FB}"
EndProject
Project("{FAE04EC0-301F-11D3-BF4B-00C04F79EFBC}") = "EmitLog", "EmitLog\EmitLog.csproj", "{10990ECD-8EA4-41E7-B037-3EAA991DB37D}"
EndProject
Project("{FAE04EC0-301F-11D3-BF4B-00C04F79EFBC}") = "ReceiveLogs", "ReceiveLogs\ReceiveLogs.csproj", "{67AF2F62-2492-4821-BDF9-B4C7ABA21311}"
EndProject
Project("{FAE04EC0-301F-11D3-BF4B-00C04F79EFBC}") = "EmitLogDirect", "EmitLogDirect\EmitLogDirect.csproj", "{F990E4D3-8E23-441F-89FB-D72833DEF38E}"
EndProject
Project("{FAE04EC0-301F-11D3-BF4B-00C04F79EFBC}") = "ReceiveLogsDirect", "ReceiveLogsDirect\ReceiveLogsDirect.csproj", "{83284568-ED38-4757-8F0C-6089F3879A50}"
EndProject
Project("{FAE04EC0-301F-11D3-BF4B-00C04F79EFBC}") = "EmitLogTopic", "EmitLogTopic\EmitLogTopic.csproj", "{76D6E9D6-0D75-40C2-972C-7BF2C7306E5B}"
EndProject
Project("{FAE04EC0-301F-11D3-BF4B-00C04F79EFBC}") = "ReceiveLogsTopic", "ReceiveLogsTopic\ReceiveLogsTopic.csproj", "{831E5D9F-8503-4426-892C-11F223048FF7}"
EndProject
Project("{2150E333-8FDC-42A3-9474-1A3956D46DE8}") = "PublisherConfirms", "PublisherConfirms", "{3E12016B-BDE4-48C8-A9AC-261777843633}"
EndProject
Project("{FAE04EC0-301F-11D3-BF4B-00C04F79EFBC}") = "PublisherConfirm", "PublisherConfirm\PublisherConfirm.csproj", "{BBDB0BE5-7C76-4E6B-8F67-4EEB2D79131D}"
EndProject
Global
	GlobalSection(SolutionConfigurationPlatforms) = preSolution
		Debug|Any CPU = Debug|Any CPU
		Release|Any CPU = Release|Any CPU
	EndGlobalSection
	GlobalSection(ProjectConfigurationPlatforms) = postSolution
		{F089D003-7B29-4F61-86FC-3E2986011279}.Debug|Any CPU.ActiveCfg = Debug|Any CPU
		{F089D003-7B29-4F61-86FC-3E2986011279}.Debug|Any CPU.Build.0 = Debug|Any CPU
		{F089D003-7B29-4F61-86FC-3E2986011279}.Release|Any CPU.ActiveCfg = Release|Any CPU
		{F089D003-7B29-4F61-86FC-3E2986011279}.Release|Any CPU.Build.0 = Release|Any CPU
		{85336664-B598-4A27-AC30-BF6230E47713}.Debug|Any CPU.ActiveCfg = Debug|Any CPU
		{85336664-B598-4A27-AC30-BF6230E47713}.Debug|Any CPU.Build.0 = Debug|Any CPU
		{85336664-B598-4A27-AC30-BF6230E47713}.Release|Any CPU.ActiveCfg = Release|Any CPU
		{85336664-B598-4A27-AC30-BF6230E47713}.Release|Any CPU.Build.0 = Release|Any CPU
		{CFA46357-E2EB-4949-A83E-5038E36A110B}.Debug|Any CPU.ActiveCfg = Debug|Any CPU
		{CFA46357-E2EB-4949-A83E-5038E36A110B}.Debug|Any CPU.Build.0 = Debug|Any CPU
		{CFA46357-E2EB-4949-A83E-5038E36A110B}.Release|Any CPU.ActiveCfg = Release|Any CPU
		{CFA46357-E2EB-4949-A83E-5038E36A110B}.Release|Any CPU.Build.0 = Release|Any CPU
		{522950C1-D31D-424B-B542-45E1DBDCDC8C}.Debug|Any CPU.ActiveCfg = Debug|Any CPU
		{522950C1-D31D-424B-B542-45E1DBDCDC8C}.Debug|Any CPU.Build.0 = Debug|Any CPU
		{522950C1-D31D-424B-B542-45E1DBDCDC8C}.Release|Any CPU.ActiveCfg = Release|Any CPU
		{522950C1-D31D-424B-B542-45E1DBDCDC8C}.Release|Any CPU.Build.0 = Release|Any CPU
		{28B9B7E4-7A82-4E15-A8A2-FC5E5009E520}.Debug|Any CPU.ActiveCfg = Debug|Any CPU
		{28B9B7E4-7A82-4E15-A8A2-FC5E5009E520}.Debug|Any CPU.Build.0 = Debug|Any CPU
		{28B9B7E4-7A82-4E15-A8A2-FC5E5009E520}.Release|Any CPU.ActiveCfg = Release|Any CPU
		{28B9B7E4-7A82-4E15-A8A2-FC5E5009E520}.Release|Any CPU.Build.0 = Release|Any CPU
		{10990ECD-8EA4-41E7-B037-3EAA991DB37D}.Debug|Any CPU.ActiveCfg = Debug|Any CPU
		{10990ECD-8EA4-41E7-B037-3EAA991DB37D}.Debug|Any CPU.Build.0 = Debug|Any CPU
		{10990ECD-8EA4-41E7-B037-3EAA991DB37D}.Release|Any CPU.ActiveCfg = Release|Any CPU
		{10990ECD-8EA4-41E7-B037-3EAA991DB37D}.Release|Any CPU.Build.0 = Release|Any CPU
		{67AF2F62-2492-4821-BDF9-B4C7ABA21311}.Debug|Any CPU.ActiveCfg = Debug|Any CPU
		{67AF2F62-2492-4821-BDF9-B4C7ABA21311}.Debug|Any CPU.Build.0 = Debug|Any CPU
		{67AF2F62-2492-4821-BDF9-B4C7ABA21311}.Release|Any CPU.ActiveCfg = Release|Any CPU
		{67AF2F62-2492-4821-BDF9-B4C7ABA21311}.Release|Any CPU.Build.0 = Release|Any CPU
		{F990E4D3-8E23-441F-89FB-D72833DEF38E}.Debug|Any CPU.ActiveCfg = Debug|Any CPU
		{F990E4D3-8E23-441F-89FB-D72833DEF38E}.Debug|Any CPU.Build.0 = Debug|Any CPU
		{F990E4D3-8E23-441F-89FB-D72833DEF38E}.Release|Any CPU.ActiveCfg = Release|Any CPU
		{F990E4D3-8E23-441F-89FB-D72833DEF38E}.Release|Any CPU.Build.0 = Release|Any CPU
		{83284568-ED38-4757-8F0C-6089F3879A50}.Debug|Any CPU.ActiveCfg = Debug|Any CPU
		{83284568-ED38-4757-8F0C-6089F3879A50}.Debug|Any CPU.Build.0 = Debug|Any CPU
		{83284568-ED38-4757-8F0C-6089F3879A50}.Release|Any CPU.ActiveCfg = Release|Any CPU
		{83284568-ED38-4757-8F0C-6089F3879A50}.Release|Any CPU.Build.0 = Release|Any CPU
		{76D6E9D6-0D75-40C2-972C-7BF2C7306E5B}.Debug|Any CPU.ActiveCfg = Debug|Any CPU
		{76D6E9D6-0D75-40C2-972C-7BF2C7306E5B}.Debug|Any CPU.Build.0 = Debug|Any CPU
		{76D6E9D6-0D75-40C2-972C-7BF2C7306E5B}.Release|Any CPU.ActiveCfg = Release|Any CPU
		{76D6E9D6-0D75-40C2-972C-7BF2C7306E5B}.Release|Any CPU.Build.0 = Release|Any CPU
		{831E5D9F-8503-4426-892C-11F223048FF7}.Debug|Any CPU.ActiveCfg = Debug|Any CPU
		{831E5D9F-8503-4426-892C-11F223048FF7}.Debug|Any CPU.Build.0 = Debug|Any CPU
		{831E5D9F-8503-4426-892C-11F223048FF7}.Release|Any CPU.ActiveCfg = Release|Any CPU
		{831E5D9F-8503-4426-892C-11F223048FF7}.Release|Any CPU.Build.0 = Release|Any CPU
		{BBDB0BE5-7C76-4E6B-8F67-4EEB2D79131D}.Debug|Any CPU.ActiveCfg = Debug|Any CPU
		{BBDB0BE5-7C76-4E6B-8F67-4EEB2D79131D}.Debug|Any CPU.Build.0 = Debug|Any CPU
		{BBDB0BE5-7C76-4E6B-8F67-4EEB2D79131D}.Release|Any CPU.ActiveCfg = Release|Any CPU
		{BBDB0BE5-7C76-4E6B-8F67-4EEB2D79131D}.Release|Any CPU.Build.0 = Release|Any CPU
	EndGlobalSection
	GlobalSection(SolutionProperties) = preSolution
		HideSolutionNode = FALSE
	EndGlobalSection
	GlobalSection(NestedProjects) = preSolution
		{10990ECD-8EA4-41E7-B037-3EAA991DB37D} = {D609F083-94DB-45AA-B05D-986C676930FB}
		{67AF2F62-2492-4821-BDF9-B4C7ABA21311} = {D609F083-94DB-45AA-B05D-986C676930FB}
		{F990E4D3-8E23-441F-89FB-D72833DEF38E} = {D609F083-94DB-45AA-B05D-986C676930FB}
		{83284568-ED38-4757-8F0C-6089F3879A50} = {D609F083-94DB-45AA-B05D-986C676930FB}
		{76D6E9D6-0D75-40C2-972C-7BF2C7306E5B} = {D609F083-94DB-45AA-B05D-986C676930FB}
		{831E5D9F-8503-4426-892C-11F223048FF7} = {D609F083-94DB-45AA-B05D-986C676930FB}
		{BBDB0BE5-7C76-4E6B-8F67-4EEB2D79131D} = {3E12016B-BDE4-48C8-A9AC-261777843633}
	EndGlobalSection
	GlobalSection(ExtensibilityGlobals) = postSolution
		SolutionGuid = {B12BFFAA-F8E1-4A44-9546-D92A23CEC6AD}
	EndGlobalSection
EndGlobal
